
Microsoft Visual Studio Solution File, Format Version 12.00
# Visual Studio Version 17
VisualStudioVersion = 17.13.35931.197
MinimumVisualStudioVersion = 10.0.40219.1
Project("{FAE04EC0-301F-11D3-BF4B-00C04F79EFBC}") = "CarStore.API", "CarStore.API\CarStore.API.csproj", "{B49C89E8-196B-4F52-844C-68A84F526130}"
EndProject
Project("{FAE04EC0-301F-11D3-BF4B-00C04F79EFBC}") = "CarStore.Applcation", "CarStore.Applcation\CarStore.Applcation.csproj", "{E8AC7AC5-50D5-418A-A7B6-7DA9392939C9}"
EndProject
Project("{FAE04EC0-301F-11D3-BF4B-00C04F79EFBC}") = "CarStore.Domain", "CarStore.Domain\CarStore.Domain.csproj", "{474E4D95-3834-4DA3-9BF6-6456EC4AB7D1}"
EndProject
Project("{FAE04EC0-301F-11D3-BF4B-00C04F79EFBC}") = "CarStore.InfraStructure", "CarStore.InfraStructure\CarStore.InfraStructure.csproj", "{FB41901E-9EFB-4520-9CC8-6210D2DCD5E0}"
EndProject
Project("{2150E333-8FDC-42A3-9474-1A3956D46DE8}") = "Solution Items", "Solution Items", "{8EC462FD-D22E-90A8-E5CE-7E832BA40C5D}"
	ProjectSection(SolutionItems) = preProject
		.gitignore = .gitignore
	EndProjectSection
EndProject
Global
	GlobalSection(SolutionConfigurationPlatforms) = preSolution
		Debug|Any CPU = Debug|Any CPU
		Release|Any CPU = Release|Any CPU
	EndGlobalSection
	GlobalSection(ProjectConfigurationPlatforms) = postSolution
		{B49C89E8-196B-4F52-844C-68A84F526130}.Debug|Any CPU.ActiveCfg = Debug|Any CPU
		{B49C89E8-196B-4F52-844C-68A84F526130}.Debug|Any CPU.Build.0 = Debug|Any CPU
		{B49C89E8-196B-4F52-844C-68A84F526130}.Release|Any CPU.ActiveCfg = Release|Any CPU
		{B49C89E8-196B-4F52-844C-68A84F526130}.Release|Any CPU.Build.0 = Release|Any CPU
		{E8AC7AC5-50D5-418A-A7B6-7DA9392939C9}.Debug|Any CPU.ActiveCfg = Debug|Any CPU
		{E8AC7AC5-50D5-418A-A7B6-7DA9392939C9}.Debug|Any CPU.Build.0 = Debug|Any CPU
		{E8AC7AC5-50D5-418A-A7B6-7DA9392939C9}.Release|Any CPU.ActiveCfg = Release|Any CPU
		{E8AC7AC5-50D5-418A-A7B6-7DA9392939C9}.Release|Any CPU.Build.0 = Release|Any CPU
		{474E4D95-3834-4DA3-9BF6-6456EC4AB7D1}.Debug|Any CPU.ActiveCfg = Debug|Any CPU
		{474E4D95-3834-4DA3-9BF6-6456EC4AB7D1}.Debug|Any CPU.Build.0 = Debug|Any CPU
		{474E4D95-3834-4DA3-9BF6-6456EC4AB7D1}.Release|Any CPU.ActiveCfg = Release|Any CPU
		{474E4D95-3834-4DA3-9BF6-6456EC4AB7D1}.Release|Any CPU.Build.0 = Release|Any CPU
		{FB41901E-9EFB-4520-9CC8-6210D2DCD5E0}.Debug|Any CPU.ActiveCfg = Debug|Any CPU
		{FB41901E-9EFB-4520-9CC8-6210D2DCD5E0}.Debug|Any CPU.Build.0 = Debug|Any CPU
		{FB41901E-9EFB-4520-9CC8-6210D2DCD5E0}.Release|Any CPU.ActiveCfg = Release|Any CPU
		{FB41901E-9EFB-4520-9CC8-6210D2DCD5E0}.Release|Any CPU.Build.0 = Release|Any CPU
	EndGlobalSection
	GlobalSection(SolutionProperties) = preSolution
		HideSolutionNode = FALSE
	EndGlobalSection
	GlobalSection(ExtensibilityGlobals) = postSolution
		SolutionGuid = {8FDBF0B1-3E9F-45F0-A97B-96F0C869D879}
	EndGlobalSection
EndGlobal
